
Microsoft Visual Studio Solution File, Format Version 12.00
# Visual Studio 14
VisualStudioVersion = 14.0.25420.1
MinimumVisualStudioVersion = 10.0.40219.1
Project("{FAE04EC0-301F-11D3-BF4B-00C04F79EFBC}") = "Vidly", "Vidly\Vidly.csproj", "{DBAE0D2F-B245-453A-93CC-01F74634C4B0}"
EndProject
Global
	GlobalSection(SolutionConfigurationPlatforms) = preSolution
		Debug|Any CPU = Debug|Any CPU
		Release|Any CPU = Release|Any CPU
	EndGlobalSection
	GlobalSection(ProjectConfigurationPlatforms) = postSolution
		{DBAE0D2F-B245-453A-93CC-01F74634C4B0}.Debug|Any CPU.ActiveCfg = Debug|Any CPU
		{DBAE0D2F-B245-453A-93CC-01F74634C4B0}.Debug|Any CPU.Build.0 = Debug|Any CPU
		{DBAE0D2F-B245-453A-93CC-01F74634C4B0}.Release|Any CPU.ActiveCfg = Release|Any CPU
		{DBAE0D2F-B245-453A-93CC-01F74634C4B0}.Release|Any CPU.Build.0 = Release|Any CPU
	EndGlobalSection
	GlobalSection(SolutionProperties) = preSolution
		HideSolutionNode = FALSE
	EndGlobalSection
EndGlobal
